
Microsoft Visual Studio Solution File, Format Version 12.00
# Visual Studio for Mac
Project("{FAE04EC0-301F-11D3-BF4B-00C04F79EFBC}") = "Assembly-CSharp", "Assembly-CSharp.csproj", "{9A47A8AD-FE42-3DF7-D8FA-FF483EDCA591}"
EndProject
Global
	GlobalSection(SolutionConfigurationPlatforms) = preSolution
		Debug|Any CPU = Debug|Any CPU
		Release|Any CPU = Release|Any CPU
	EndGlobalSection
	GlobalSection(ProjectConfigurationPlatforms) = postSolution
		{9A47A8AD-FE42-3DF7-D8FA-FF483EDCA591}.Debug|Any CPU.ActiveCfg = Debug|Any CPU
		{9A47A8AD-FE42-3DF7-D8FA-FF483EDCA591}.Debug|Any CPU.Build.0 = Debug|Any CPU
		{9A47A8AD-FE42-3DF7-D8FA-FF483EDCA591}.Release|Any CPU.ActiveCfg = Release|Any CPU
		{9A47A8AD-FE42-3DF7-D8FA-FF483EDCA591}.Release|Any CPU.Build.0 = Release|Any CPU
	EndGlobalSection
	GlobalSection(SolutionProperties) = preSolution
		HideSolutionNode = FALSE
	EndGlobalSection
EndGlobal
